<?xml version="1.0" encoding="utf-8"?>
<Project ToolsVersion="4.0" xmlns="http://schemas.microsoft.com/developer/msbuild/2003">
  <ItemGroup>
    <Filter Include="头文件">
      <UniqueIdentifier>{93995380-89BD-4b04-88EB-625FBE52EBFB}</UniqueIdentifier>
      <Extensions>h;hh;hpp;hxx;h++;hm;inl;inc;ipp;xsd</Extensions>
    </Filter>
    <Filter Include="资源文件">
      <UniqueIdentifier>{67DA6AB6-F800-4c08-8B7A-83BB121AAD01}</UniqueIdentifier>
      <Extensions>rc;ico;cur;bmp;dlg;rc2;rct;bin;rgs;gif;jpg;jpeg;jpe;resx;tiff;tif;png;wav;mfcribbon-ms</Extensions>
    </Filter>
    <Filter Include="entity">
      <UniqueIdentifier>{31ecb677-c87d-4935-bc51-ea507b34e49b}</UniqueIdentifier>
    </Filter>
    <Filter Include="源文件">
      <UniqueIdentifier>{4FC737F1-C7A5-4376-A066-2A32D752A2FF}</UniqueIdentifier>
      <Extensions>cpp;c;cc;cxx;c++;cppm;ixx;def;odl;idl;hpj;bat;asm;asmx</Extensions>
    </Filter>
    <Filter Include="service">
      <UniqueIdentifier>{caec40a2-f95f-4582-b6cc-04f0ffd97c2c}</UniqueIdentifier>
    </Filter>
    <Filter Include="service\impl">
      <UniqueIdentifier>{8c316a10-f5ca-48d0-b340-cf4b61a4d52e}</UniqueIdentifier>
    </Filter>
    <Filter Include="entity\impl">
      <UniqueIdentifier>{ae81c155-08b8-49f9-85e1-cbb8d2a13a23}</UniqueIdentifier>
    </Filter>
  </ItemGroup>
  <ItemGroup>
    <ClInclude Include="Equipment.h">
      <Filter>entity</Filter>
    </ClInclude>
    <ClInclude Include="Drug.h">
      <Filter>entity</Filter>
    </ClInclude>
    <ClInclude Include="Doctor.h">
      <Filter>entity</Filter>
    </ClInclude>
    <ClInclude Include="Appointment.h">
      <Filter>entity</Filter>
    </ClInclude>
    <ClInclude Include="PatientService.h">
      <Filter>service</Filter>
    </ClInclude>
    <ClInclude Include="header.h">
      <Filter>头文件</Filter>
    </ClInclude>
    <ClInclude Include="DrugService.h">
      <Filter>service</Filter>
    </ClInclude>
    <ClInclude Include="entityHeader.h">
      <Filter>头文件</Filter>
    </ClInclude>
    <ClInclude Include="serviceHeader.h">
      <Filter>头文件</Filter>
    </ClInclude>
    <ClInclude Include="AppointmentService.h">
      <Filter>service</Filter>
    </ClInclude>
    <ClInclude Include="EquipmentService.h">
      <Filter>service</Filter>
    </ClInclude>
    <ClInclude Include="DoctorService.h">
      <Filter>service</Filter>
    </ClInclude>
  </ItemGroup>
  <ItemGroup>
    <ClCompile Include="Patient.h">
      <Filter>entity</Filter>
    </ClCompile>
    <ClCompile Include="test.cpp">
      <Filter>源文件</Filter>
    </ClCompile>
    <ClCompile Include="DoctorServiceImpl.cpp">
      <Filter>service\impl</Filter>
    </ClCompile>
    <ClCompile Include="PatientServiceImpl.cpp">
      <Filter>service\impl</Filter>
    </ClCompile>
    <ClCompile Include="AppointmentServiceImpl.cpp">
      <Filter>service\impl</Filter>
    </ClCompile>
    <ClCompile Include="DoctorImpl.cpp">
      <Filter>entity\impl</Filter>
    </ClCompile>
    <ClCompile Include="AppointmentImpl.cpp">
      <Filter>entity\impl</Filter>
    </ClCompile>
  </ItemGroup>
</Project>